
Microsoft Visual Studio Solution File, Format Version 12.00
# Visual Studio 2013
VisualStudioVersion = 12.0.31101.0
MinimumVisualStudioVersion = 10.0.40219.1
Project("{FAE04EC0-301F-11D3-BF4B-00C04F79EFBC}") = "EditorCore", "EditorCore\EditorCore.csproj", "{D6415CDD-B7EF-40B6-AB64-BCF0A7661F01}"
EndProject
Project("{FAE04EC0-301F-11D3-BF4B-00C04F79EFBC}") = "WindEditor", "WindEditor\WindEditor.csproj", "{41E9A3FB-E7A5-479C-BD56-59D6C26319A6}"
EndProject
Project("{FAE04EC0-301F-11D3-BF4B-00C04F79EFBC}") = "EndianBinaryStreams", "EndianBinaryStreams\EndianBinaryStreams.csproj", "{B83BEB2F-FF4E-4D1F-BE32-50AD4CA1B16D}"
EndProject
Project("{FAE04EC0-301F-11D3-BF4B-00C04F79EFBC}") = "ArchiveTools", "ArchiveTools\ArchiveTools.csproj", "{290F8F12-32B0-400C-8DFF-F295D04106C6}"
EndProject
Global
	GlobalSection(SolutionConfigurationPlatforms) = preSolution
		Debug|Any CPU = Debug|Any CPU
		Release|Any CPU = Release|Any CPU
	EndGlobalSection
	GlobalSection(ProjectConfigurationPlatforms) = postSolution
		{D6415CDD-B7EF-40B6-AB64-BCF0A7661F01}.Debug|Any CPU.ActiveCfg = Debug|Any CPU
		{D6415CDD-B7EF-40B6-AB64-BCF0A7661F01}.Debug|Any CPU.Build.0 = Debug|Any CPU
		{D6415CDD-B7EF-40B6-AB64-BCF0A7661F01}.Release|Any CPU.ActiveCfg = Release|Any CPU
		{D6415CDD-B7EF-40B6-AB64-BCF0A7661F01}.Release|Any CPU.Build.0 = Release|Any CPU
		{41E9A3FB-E7A5-479C-BD56-59D6C26319A6}.Debug|Any CPU.ActiveCfg = Debug|Any CPU
		{41E9A3FB-E7A5-479C-BD56-59D6C26319A6}.Debug|Any CPU.Build.0 = Debug|Any CPU
		{41E9A3FB-E7A5-479C-BD56-59D6C26319A6}.Release|Any CPU.ActiveCfg = Release|Any CPU
		{41E9A3FB-E7A5-479C-BD56-59D6C26319A6}.Release|Any CPU.Build.0 = Release|Any CPU
		{B83BEB2F-FF4E-4D1F-BE32-50AD4CA1B16D}.Debug|Any CPU.ActiveCfg = Debug|Any CPU
		{B83BEB2F-FF4E-4D1F-BE32-50AD4CA1B16D}.Debug|Any CPU.Build.0 = Debug|Any CPU
		{B83BEB2F-FF4E-4D1F-BE32-50AD4CA1B16D}.Release|Any CPU.ActiveCfg = Release|Any CPU
		{B83BEB2F-FF4E-4D1F-BE32-50AD4CA1B16D}.Release|Any CPU.Build.0 = Release|Any CPU
		{290F8F12-32B0-400C-8DFF-F295D04106C6}.Debug|Any CPU.ActiveCfg = Debug|Any CPU
		{290F8F12-32B0-400C-8DFF-F295D04106C6}.Debug|Any CPU.Build.0 = Debug|Any CPU
		{290F8F12-32B0-400C-8DFF-F295D04106C6}.Release|Any CPU.ActiveCfg = Release|Any CPU
		{290F8F12-32B0-400C-8DFF-F295D04106C6}.Release|Any CPU.Build.0 = Release|Any CPU
	EndGlobalSection
	GlobalSection(SolutionProperties) = preSolution
		HideSolutionNode = FALSE
	EndGlobalSection
EndGlobal
