
Microsoft Visual Studio Solution File, Format Version 12.00
# Visual Studio 2013
VisualStudioVersion = 12.0.31101.0
MinimumVisualStudioVersion = 10.0.40219.1
Project("{FAE04EC0-301F-11D3-BF4B-00C04F79EFBC}") = "EditorCore", "EditorCore\EditorCore.csproj", "{D6415CDD-B7EF-40B6-AB64-BCF0A7661F01}"
EndProject
Project("{FAE04EC0-301F-11D3-BF4B-00C04F79EFBC}") = "CLIInterface", "CLIInterface\CLIInterface.csproj", "{619A065B-78F6-4C23-A0DD-FFD00B01987D}"
EndProject
Project("{FAE04EC0-301F-11D3-BF4B-00C04F79EFBC}") = "WPF Interface", "WPF Interface\WPF Interface.csproj", "{B11C7C9B-AA01-4E24-BB1D-88FEC53DEC49}"
EndProject
Project("{FAE04EC0-301F-11D3-BF4B-00C04F79EFBC}") = "SharpGLExample", "SharpGLExample\SharpGLExample.csproj", "{F820E1F9-79BA-4EAD-8D9E-1A8CCA2A688C}"
EndProject
Project("{FAE04EC0-301F-11D3-BF4B-00C04F79EFBC}") = "WindEditor", "WindEditor\WindEditor.csproj", "{41E9A3FB-E7A5-479C-BD56-59D6C26319A6}"
EndProject
Global
	GlobalSection(SolutionConfigurationPlatforms) = preSolution
		Debug|Any CPU = Debug|Any CPU
		Release|Any CPU = Release|Any CPU
	EndGlobalSection
	GlobalSection(ProjectConfigurationPlatforms) = postSolution
		{D6415CDD-B7EF-40B6-AB64-BCF0A7661F01}.Debug|Any CPU.ActiveCfg = Debug|Any CPU
		{D6415CDD-B7EF-40B6-AB64-BCF0A7661F01}.Debug|Any CPU.Build.0 = Debug|Any CPU
		{D6415CDD-B7EF-40B6-AB64-BCF0A7661F01}.Release|Any CPU.ActiveCfg = Release|Any CPU
		{D6415CDD-B7EF-40B6-AB64-BCF0A7661F01}.Release|Any CPU.Build.0 = Release|Any CPU
		{619A065B-78F6-4C23-A0DD-FFD00B01987D}.Debug|Any CPU.ActiveCfg = Debug|Any CPU
		{619A065B-78F6-4C23-A0DD-FFD00B01987D}.Debug|Any CPU.Build.0 = Debug|Any CPU
		{619A065B-78F6-4C23-A0DD-FFD00B01987D}.Release|Any CPU.ActiveCfg = Release|Any CPU
		{619A065B-78F6-4C23-A0DD-FFD00B01987D}.Release|Any CPU.Build.0 = Release|Any CPU
		{B11C7C9B-AA01-4E24-BB1D-88FEC53DEC49}.Debug|Any CPU.ActiveCfg = Debug|Any CPU
		{B11C7C9B-AA01-4E24-BB1D-88FEC53DEC49}.Debug|Any CPU.Build.0 = Debug|Any CPU
		{B11C7C9B-AA01-4E24-BB1D-88FEC53DEC49}.Release|Any CPU.ActiveCfg = Release|Any CPU
		{B11C7C9B-AA01-4E24-BB1D-88FEC53DEC49}.Release|Any CPU.Build.0 = Release|Any CPU
		{F820E1F9-79BA-4EAD-8D9E-1A8CCA2A688C}.Debug|Any CPU.ActiveCfg = Debug|Any CPU
		{F820E1F9-79BA-4EAD-8D9E-1A8CCA2A688C}.Debug|Any CPU.Build.0 = Debug|Any CPU
		{F820E1F9-79BA-4EAD-8D9E-1A8CCA2A688C}.Release|Any CPU.ActiveCfg = Release|Any CPU
		{F820E1F9-79BA-4EAD-8D9E-1A8CCA2A688C}.Release|Any CPU.Build.0 = Release|Any CPU
		{41E9A3FB-E7A5-479C-BD56-59D6C26319A6}.Debug|Any CPU.ActiveCfg = Debug|Any CPU
		{41E9A3FB-E7A5-479C-BD56-59D6C26319A6}.Debug|Any CPU.Build.0 = Debug|Any CPU
		{41E9A3FB-E7A5-479C-BD56-59D6C26319A6}.Release|Any CPU.ActiveCfg = Release|Any CPU
		{41E9A3FB-E7A5-479C-BD56-59D6C26319A6}.Release|Any CPU.Build.0 = Release|Any CPU
	EndGlobalSection
	GlobalSection(SolutionProperties) = preSolution
		HideSolutionNode = FALSE
	EndGlobalSection
EndGlobal
